
Microsoft Visual Studio Solution File, Format Version 12.00
# Visual Studio Version 16
VisualStudioVersion = 16.0.30128.74
MinimumVisualStudioVersion = 10.0.40219.1
Project("{FAE04EC0-301F-11D3-BF4B-00C04F79EFBC}") = "XFDelivery.Android", "XFDelivery\XFDelivery.Android\XFDelivery.Android.csproj", "{CC5176FA-996F-45CE-8E3F-F423EFA59F5A}"
EndProject
Project("{FAE04EC0-301F-11D3-BF4B-00C04F79EFBC}") = "XFDelivery.iOS", "XFDelivery\XFDelivery.iOS\XFDelivery.iOS.csproj", "{7B09B5ED-2771-4F07-8721-DB7CD2071742}"
EndProject
Project("{FAE04EC0-301F-11D3-BF4B-00C04F79EFBC}") = "XFDelivery", "XFDelivery\XFDelivery\XFDelivery.csproj", "{50487222-0D0C-4CCD-AAF1-95820EFE5817}"
EndProject
Global
	GlobalSection(SolutionConfigurationPlatforms) = preSolution
		Debug|Any CPU = Debug|Any CPU
		Debug|iPhone = Debug|iPhone
		Debug|iPhoneSimulator = Debug|iPhoneSimulator
		Release|Any CPU = Release|Any CPU
		Release|iPhone = Release|iPhone
		Release|iPhoneSimulator = Release|iPhoneSimulator
	EndGlobalSection
	GlobalSection(ProjectConfigurationPlatforms) = postSolution
		{CC5176FA-996F-45CE-8E3F-F423EFA59F5A}.Debug|Any CPU.ActiveCfg = Debug|Any CPU
		{CC5176FA-996F-45CE-8E3F-F423EFA59F5A}.Debug|Any CPU.Build.0 = Debug|Any CPU
		{CC5176FA-996F-45CE-8E3F-F423EFA59F5A}.Debug|Any CPU.Deploy.0 = Debug|Any CPU
		{CC5176FA-996F-45CE-8E3F-F423EFA59F5A}.Debug|iPhone.ActiveCfg = Debug|Any CPU
		{CC5176FA-996F-45CE-8E3F-F423EFA59F5A}.Debug|iPhone.Build.0 = Debug|Any CPU
		{CC5176FA-996F-45CE-8E3F-F423EFA59F5A}.Debug|iPhone.Deploy.0 = Debug|Any CPU
		{CC5176FA-996F-45CE-8E3F-F423EFA59F5A}.Debug|iPhoneSimulator.ActiveCfg = Debug|Any CPU
		{CC5176FA-996F-45CE-8E3F-F423EFA59F5A}.Debug|iPhoneSimulator.Build.0 = Debug|Any CPU
		{CC5176FA-996F-45CE-8E3F-F423EFA59F5A}.Debug|iPhoneSimulator.Deploy.0 = Debug|Any CPU
		{CC5176FA-996F-45CE-8E3F-F423EFA59F5A}.Release|Any CPU.ActiveCfg = Release|Any CPU
		{CC5176FA-996F-45CE-8E3F-F423EFA59F5A}.Release|Any CPU.Build.0 = Release|Any CPU
		{CC5176FA-996F-45CE-8E3F-F423EFA59F5A}.Release|Any CPU.Deploy.0 = Release|Any CPU
		{CC5176FA-996F-45CE-8E3F-F423EFA59F5A}.Release|iPhone.ActiveCfg = Release|Any CPU
		{CC5176FA-996F-45CE-8E3F-F423EFA59F5A}.Release|iPhone.Build.0 = Release|Any CPU
		{CC5176FA-996F-45CE-8E3F-F423EFA59F5A}.Release|iPhone.Deploy.0 = Release|Any CPU
		{CC5176FA-996F-45CE-8E3F-F423EFA59F5A}.Release|iPhoneSimulator.ActiveCfg = Release|Any CPU
		{CC5176FA-996F-45CE-8E3F-F423EFA59F5A}.Release|iPhoneSimulator.Build.0 = Release|Any CPU
		{CC5176FA-996F-45CE-8E3F-F423EFA59F5A}.Release|iPhoneSimulator.Deploy.0 = Release|Any CPU
		{7B09B5ED-2771-4F07-8721-DB7CD2071742}.Debug|Any CPU.ActiveCfg = Debug|iPhone
		{7B09B5ED-2771-4F07-8721-DB7CD2071742}.Debug|Any CPU.Build.0 = Debug|iPhone
		{7B09B5ED-2771-4F07-8721-DB7CD2071742}.Debug|Any CPU.Deploy.0 = Debug|iPhone
		{7B09B5ED-2771-4F07-8721-DB7CD2071742}.Debug|iPhone.ActiveCfg = Debug|iPhone
		{7B09B5ED-2771-4F07-8721-DB7CD2071742}.Debug|iPhone.Build.0 = Debug|iPhone
		{7B09B5ED-2771-4F07-8721-DB7CD2071742}.Debug|iPhone.Deploy.0 = Debug|iPhone
		{7B09B5ED-2771-4F07-8721-DB7CD2071742}.Debug|iPhoneSimulator.ActiveCfg = Debug|iPhoneSimulator
		{7B09B5ED-2771-4F07-8721-DB7CD2071742}.Debug|iPhoneSimulator.Build.0 = Debug|iPhoneSimulator
		{7B09B5ED-2771-4F07-8721-DB7CD2071742}.Debug|iPhoneSimulator.Deploy.0 = Debug|iPhoneSimulator
		{7B09B5ED-2771-4F07-8721-DB7CD2071742}.Release|Any CPU.ActiveCfg = Release|iPhone
		{7B09B5ED-2771-4F07-8721-DB7CD2071742}.Release|Any CPU.Build.0 = Release|iPhone
		{7B09B5ED-2771-4F07-8721-DB7CD2071742}.Release|Any CPU.Deploy.0 = Release|iPhone
		{7B09B5ED-2771-4F07-8721-DB7CD2071742}.Release|iPhone.ActiveCfg = Release|iPhone
		{7B09B5ED-2771-4F07-8721-DB7CD2071742}.Release|iPhone.Build.0 = Release|iPhone
		{7B09B5ED-2771-4F07-8721-DB7CD2071742}.Release|iPhone.Deploy.0 = Release|iPhone
		{7B09B5ED-2771-4F07-8721-DB7CD2071742}.Release|iPhoneSimulator.ActiveCfg = Release|iPhoneSimulator
		{7B09B5ED-2771-4F07-8721-DB7CD2071742}.Release|iPhoneSimulator.Build.0 = Release|iPhoneSimulator
		{7B09B5ED-2771-4F07-8721-DB7CD2071742}.Release|iPhoneSimulator.Deploy.0 = Release|iPhoneSimulator
		{50487222-0D0C-4CCD-AAF1-95820EFE5817}.Debug|Any CPU.ActiveCfg = Debug|Any CPU
		{50487222-0D0C-4CCD-AAF1-95820EFE5817}.Debug|Any CPU.Build.0 = Debug|Any CPU
		{50487222-0D0C-4CCD-AAF1-95820EFE5817}.Debug|Any CPU.Deploy.0 = Debug|Any CPU
		{50487222-0D0C-4CCD-AAF1-95820EFE5817}.Debug|iPhone.ActiveCfg = Debug|Any CPU
		{50487222-0D0C-4CCD-AAF1-95820EFE5817}.Debug|iPhone.Build.0 = Debug|Any CPU
		{50487222-0D0C-4CCD-AAF1-95820EFE5817}.Debug|iPhone.Deploy.0 = Debug|Any CPU
		{50487222-0D0C-4CCD-AAF1-95820EFE5817}.Debug|iPhoneSimulator.ActiveCfg = Debug|Any CPU
		{50487222-0D0C-4CCD-AAF1-95820EFE5817}.Debug|iPhoneSimulator.Build.0 = Debug|Any CPU
		{50487222-0D0C-4CCD-AAF1-95820EFE5817}.Debug|iPhoneSimulator.Deploy.0 = Debug|Any CPU
		{50487222-0D0C-4CCD-AAF1-95820EFE5817}.Release|Any CPU.ActiveCfg = Release|Any CPU
		{50487222-0D0C-4CCD-AAF1-95820EFE5817}.Release|Any CPU.Build.0 = Release|Any CPU
		{50487222-0D0C-4CCD-AAF1-95820EFE5817}.Release|Any CPU.Deploy.0 = Release|Any CPU
		{50487222-0D0C-4CCD-AAF1-95820EFE5817}.Release|iPhone.ActiveCfg = Release|Any CPU
		{50487222-0D0C-4CCD-AAF1-95820EFE5817}.Release|iPhone.Build.0 = Release|Any CPU
		{50487222-0D0C-4CCD-AAF1-95820EFE5817}.Release|iPhone.Deploy.0 = Release|Any CPU
		{50487222-0D0C-4CCD-AAF1-95820EFE5817}.Release|iPhoneSimulator.ActiveCfg = Release|Any CPU
		{50487222-0D0C-4CCD-AAF1-95820EFE5817}.Release|iPhoneSimulator.Build.0 = Release|Any CPU
		{50487222-0D0C-4CCD-AAF1-95820EFE5817}.Release|iPhoneSimulator.Deploy.0 = Release|Any CPU
	EndGlobalSection
	GlobalSection(SolutionProperties) = preSolution
		HideSolutionNode = FALSE
	EndGlobalSection
	GlobalSection(ExtensibilityGlobals) = postSolution
		SolutionGuid = {13701C11-8CFB-4F30-8DEA-B8D190EFA935}
	EndGlobalSection
EndGlobal
